
Microsoft Visual Studio Solution File, Format Version 12.00
# Visual Studio 14
VisualStudioVersion = 14.0.23107.0
MinimumVisualStudioVersion = 10.0.40219.1
Project("{FAE04EC0-301F-11D3-BF4B-00C04F79EFBC}") = "VehicleManagementSystem", "VehicleManagementSystem\VehicleManagementSystem.csproj", "{609213AD-BC21-4CB3-8F5C-D09F88969A58}"
EndProject
Project("{FAE04EC0-301F-11D3-BF4B-00C04F79EFBC}") = "VehicleManagementSystem.Tests", "VehicleManagementSystem.Tests\VehicleManagementSystem.Tests.csproj", "{CF8D84A6-6C6C-42A9-8D1D-A92DF9A3AE5F}"
EndProject
Global
	GlobalSection(SolutionConfigurationPlatforms) = preSolution
		Debug|Any CPU = Debug|Any CPU
		Release|Any CPU = Release|Any CPU
	EndGlobalSection
	GlobalSection(ProjectConfigurationPlatforms) = postSolution
		{609213AD-BC21-4CB3-8F5C-D09F88969A58}.Debug|Any CPU.ActiveCfg = Debug|Any CPU
		{609213AD-BC21-4CB3-8F5C-D09F88969A58}.Debug|Any CPU.Build.0 = Debug|Any CPU
		{609213AD-BC21-4CB3-8F5C-D09F88969A58}.Release|Any CPU.ActiveCfg = Release|Any CPU
		{609213AD-BC21-4CB3-8F5C-D09F88969A58}.Release|Any CPU.Build.0 = Release|Any CPU
		{CF8D84A6-6C6C-42A9-8D1D-A92DF9A3AE5F}.Debug|Any CPU.ActiveCfg = Debug|Any CPU
		{CF8D84A6-6C6C-42A9-8D1D-A92DF9A3AE5F}.Debug|Any CPU.Build.0 = Debug|Any CPU
		{CF8D84A6-6C6C-42A9-8D1D-A92DF9A3AE5F}.Release|Any CPU.ActiveCfg = Release|Any CPU
		{CF8D84A6-6C6C-42A9-8D1D-A92DF9A3AE5F}.Release|Any CPU.Build.0 = Release|Any CPU
	EndGlobalSection
	GlobalSection(SolutionProperties) = preSolution
		HideSolutionNode = FALSE
	EndGlobalSection
EndGlobal
